
Microsoft Visual Studio Solution File, Format Version 12.00
# Visual Studio Version 17
VisualStudioVersion = 17.5.002.0
MinimumVisualStudioVersion = 10.0.40219.1
Project("{2150E333-8FDC-42A3-9474-1A3956D46DE8}") = "src", "src", "{F80649C5-30DB-4617-BB1B-DD6AA0B55964}"
EndProject
Project("{9A19103F-16F7-4668-BE54-9A1E7A4F7556}") = "ProEventos.API", "src\ProEventos.API\ProEventos.API.csproj", "{1489B662-BDFE-4164-B153-5426C4687BF7}"
EndProject
Global
	GlobalSection(SolutionConfigurationPlatforms) = preSolution
		Debug|Any CPU = Debug|Any CPU
		Release|Any CPU = Release|Any CPU
	EndGlobalSection
	GlobalSection(ProjectConfigurationPlatforms) = postSolution
		{1489B662-BDFE-4164-B153-5426C4687BF7}.Debug|Any CPU.ActiveCfg = Debug|Any CPU
		{1489B662-BDFE-4164-B153-5426C4687BF7}.Debug|Any CPU.Build.0 = Debug|Any CPU
		{1489B662-BDFE-4164-B153-5426C4687BF7}.Release|Any CPU.ActiveCfg = Release|Any CPU
		{1489B662-BDFE-4164-B153-5426C4687BF7}.Release|Any CPU.Build.0 = Release|Any CPU
	EndGlobalSection
	GlobalSection(SolutionProperties) = preSolution
		HideSolutionNode = FALSE
	EndGlobalSection
	GlobalSection(NestedProjects) = preSolution
		{1489B662-BDFE-4164-B153-5426C4687BF7} = {F80649C5-30DB-4617-BB1B-DD6AA0B55964}
	EndGlobalSection
	GlobalSection(ExtensibilityGlobals) = postSolution
		SolutionGuid = {AC5AB2B9-4BD9-4000-9656-89B1782B04DD}
	EndGlobalSection
EndGlobal
